// !$*UTF8*$!
{
	archiveVersion = 1;
	classes = {
	};
	objectVersion = 46;
	objects = {

/* Begin PBXBuildFile section */
		4B5952731BEE019E00F944E1 /* main.m in Sources */ = {isa = PBXBuildFile; fileRef = 4B5952721BEE019E00F944E1 /* main.m */; };
		4B5952761BEE019E00F944E1 /* AppDelegate.m in Sources */ = {isa = PBXBuildFile; fileRef = 4B5952751BEE019E00F944E1 /* AppDelegate.m */; };
		4B5952791BEE019E00F944E1 /* ViewController.m in Sources */ = {isa = PBXBuildFile; fileRef = 4B5952781BEE019E00F944E1 /* ViewController.m */; };
		4B59527C1BEE019E00F944E1 /* Main.storyboard in Resources */ = {isa = PBXBuildFile; fileRef = 4B59527A1BEE019E00F944E1 /* Main.storyboard */; };
		4B59527E1BEE019E00F944E1 /* Assets.xcassets in Resources */ = {isa = PBXBuildFile; fileRef = 4B59527D1BEE019E00F944E1 /* Assets.xcassets */; };
		4B5952811BEE019E00F944E1 /* LaunchScreen.storyboard in Resources */ = {isa = PBXBuildFile; fileRef = 4B59527F1BEE019E00F944E1 /* LaunchScreen.storyboard */; };
		4B59528C1BEE019E00F944E1 /* _107ZJ__Tests.m in Sources */ = {isa = PBXBuildFile; fileRef = 4B59528B1BEE019E00F944E1 /* _107ZJ__Tests.m */; };
		4B5952971BEE019E00F944E1 /* _107ZJ__UITests.m in Sources */ = {isa = PBXBuildFile; fileRef = 4B5952961BEE019E00F944E1 /* _107ZJ__UITests.m */; };
		4B5952A61BEE182A00F944E1 /* secondVC.m in Sources */ = {isa = PBXBuildFile; fileRef = 4B5952A51BEE182A00F944E1 /* secondVC.m */; };
		4B5952B71BEE2FA100F944E1 /* SkinTools.m in Sources */ = {isa = PBXBuildFile; fileRef = 4B5952B61BEE2FA100F944E1 /* SkinTools.m */; };
		4B5952B91BEE373D00F944E1 /* skin in Resources */ = {isa = PBXBuildFile; fileRef = 4B5952B81BEE373D00F944E1 /* skin */; };
/* End PBXBuildFile section */

/* Begin PBXContainerItemProxy section */
		4B5952881BEE019E00F944E1 /* PBXContainerItemProxy */ = {
			isa = PBXContainerItemProxy;
			containerPortal = 4B5952661BEE019E00F944E1 /* Project object */;
			proxyType = 1;
			remoteGlobalIDString = 4B59526D1BEE019E00F944E1;
			remoteInfo = "1107ZJ换肤";
		};
		4B5952931BEE019E00F944E1 /* PBXContainerItemProxy */ = {
			isa = PBXContainerItemProxy;
			containerPortal = 4B5952661BEE019E00F944E1 /* Project object */;
			proxyType = 1;
			remoteGlobalIDString = 4B59526D1BEE019E00F944E1;
			remoteInfo = "1107ZJ换肤";
		};
/* End PBXContainerItemProxy section */

/* Begin PBXFileReference section */
		4B59526E1BEE019E00F944E1 /* 1107ZJ换肤.app */ = {isa = PBXFileReference; explicitFileType = wrapper.application; includeInIndex = 0; path = "1107ZJ换肤.app"; sourceTree = BUILT_PRODUCTS_DIR; };
		4B5952721BEE019E00F944E1 /* main.m */ = {isa = PBXFileReference; lastKnownFileType = sourcecode.c.objc; path = main.m; sourceTree = "<group>"; };
		4B5952741BEE019E00F944E1 /* AppDelegate.h */ = {isa = PBXFileReference; lastKnownFileType = sourcecode.c.h; path = AppDelegate.h; sourceTree = "<group>"; };
		4B5952751BEE019E00F944E1 /* AppDelegate.m */ = {isa = PBXFileReference; lastKnownFileType = sourcecode.c.objc; path = AppDelegate.m; sourceTree = "<group>"; };
		4B5952771BEE019E00F944E1 /* ViewController.h */ = {isa = PBXFileReference; lastKnownFileType = sourcecode.c.h; path = ViewController.h; sourceTree = "<group>"; };
		4B5952781BEE019E00F944E1 /* ViewController.m */ = {isa = PBXFileReference; lastKnownFileType = sourcecode.c.objc; path = ViewController.m; sourceTree = "<group>"; };
		4B59527B1BEE019E00F944E1 /* Base */ = {isa = PBXFileReference; lastKnownFileType = file.storyboard; name = Base; path = Base.lproj/Main.storyboard; sourceTree = "<group>"; };
		4B59527D1BEE019E00F944E1 /* Assets.xcassets */ = {isa = PBXFileReference; lastKnownFileType = folder.assetcatalog; path = Assets.xcassets; sourceTree = "<group>"; };
		4B5952801BEE019E00F944E1 /* Base */ = {isa = PBXFileReference; lastKnownFileType = file.storyboard; name = Base; path = Base.lproj/LaunchScreen.storyboard; sourceTree = "<group>"; };
		4B5952821BEE019E00F944E1 /* Info.plist */ = {isa = PBXFileReference; lastKnownFileType = text.plist.xml; path = Info.plist; sourceTree = "<group>"; };
		4B5952871BEE019E00F944E1 /* 1107ZJ换肤Tests.xctest */ = {isa = PBXFileReference; explicitFileType = wrapper.cfbundle; includeInIndex = 0; path = "1107ZJ换肤Tests.xctest"; sourceTree = BUILT_PRODUCTS_DIR; };
		4B59528B1BEE019E00F944E1 /* _107ZJ__Tests.m */ = {isa = PBXFileReference; lastKnownFileType = sourcecode.c.objc; path = _107ZJ__Tests.m; sourceTree = "<group>"; };
		4B59528D1BEE019E00F944E1 /* Info.plist */ = {isa = PBXFileReference; lastKnownFileType = text.plist.xml; path = Info.plist; sourceTree = "<group>"; };
		4B5952921BEE019E00F944E1 /* 1107ZJ换肤UITests.xctest */ = {isa = PBXFileReference; explicitFileType = wrapper.cfbundle; includeInIndex = 0; path = "1107ZJ换肤UITests.xctest"; sourceTree = BUILT_PRODUCTS_DIR; };
		4B5952961BEE019E00F944E1 /* _107ZJ__UITests.m */ = {isa = PBXFileReference; lastKnownFileType = sourcecode.c.objc; path = _107ZJ__UITests.m; sourceTree = "<group>"; };
		4B5952981BEE019E00F944E1 /* Info.plist */ = {isa = PBXFileReference; lastKnownFileType = text.plist.xml; path = Info.plist; sourceTree = "<group>"; };
		4B5952A41BEE182A00F944E1 /* secondVC.h */ = {isa = PBXFileReference; fileEncoding = 4; lastKnownFileType = sourcecode.c.h; path = secondVC.h; sourceTree = "<group>"; };
		4B5952A51BEE182A00F944E1 /* secondVC.m */ = {isa = PBXFileReference; fileEncoding = 4; lastKnownFileType = sourcecode.c.objc; path = secondVC.m; sourceTree = "<group>"; };
		4B5952B51BEE2FA100F944E1 /* SkinTools.h */ = {isa = PBXFileReference; fileEncoding = 4; lastKnownFileType = sourcecode.c.h; path = SkinTools.h; sourceTree = "<group>"; };
		4B5952B61BEE2FA100F944E1 /* SkinTools.m */ = {isa = PBXFileReference; fileEncoding = 4; lastKnownFileType = sourcecode.c.objc; path = SkinTools.m; sourceTree = "<group>"; };
		4B5952B81BEE373D00F944E1 /* skin */ = {isa = PBXFileReference; lastKnownFileType = folder; path = skin; sourceTree = "<group>"; };
/* End PBXFileReference section */

/* Begin PBXFrameworksBuildPhase section */
		4B59526B1BEE019E00F944E1 /* Frameworks */ = {
			isa = PBXFrameworksBuildPhase;
			buildActionMask = 2147483647;
			files = (
			);
			runOnlyForDeploymentPostprocessing = 0;
		};
		4B5952841BEE019E00F944E1 /* Frameworks */ = {
			isa = PBXFrameworksBuildPhase;
			buildActionMask = 2147483647;
			files = (
			);
			runOnlyForDeploymentPostprocessing = 0;
		};
		4B59528F1BEE019E00F944E1 /* Frameworks */ = {
			isa = PBXFrameworksBuildPhase;
			buildActionMask = 2147483647;
			files = (
			);
			runOnlyForDeploymentPostprocessing = 0;
		};
/* End PBXFrameworksBuildPhase section */

/* Begin PBXGroup section */
		4B5952651BEE019E00F944E1 = {
			isa = PBXGroup;
			children = (
				4B5952701BEE019E00F944E1 /* 1107ZJ换肤 */,
				4B59528A1BEE019E00F944E1 /* 1107ZJ换肤Tests */,
				4B5952951BEE019E00F944E1 /* 1107ZJ换肤UITests */,
				4B59526F1BEE019E00F944E1 /* Products */,
			);
			sourceTree = "<group>";
		};
		4B59526F1BEE019E00F944E1 /* Products */ = {
			isa = PBXGroup;
			children = (
				4B59526E1BEE019E00F944E1 /* 1107ZJ换肤.app */,
				4B5952871BEE019E00F944E1 /* 1107ZJ换肤Tests.xctest */,
				4B5952921BEE019E00F944E1 /* 1107ZJ换肤UITests.xctest */,
			);
			name = Products;
			sourceTree = "<group>";
		};
		4B5952701BEE019E00F944E1 /* 1107ZJ换肤 */ = {
			isa = PBXGroup;
			children = (
				4B5952741BEE019E00F944E1 /* AppDelegate.h */,
				4B5952751BEE019E00F944E1 /* AppDelegate.m */,
				4B5952771BEE019E00F944E1 /* ViewController.h */,
				4B5952781BEE019E00F944E1 /* ViewController.m */,
				4B5952A41BEE182A00F944E1 /* secondVC.h */,
				4B5952A51BEE182A00F944E1 /* secondVC.m */,
				4B59527A1BEE019E00F944E1 /* Main.storyboard */,
				4B59527D1BEE019E00F944E1 /* Assets.xcassets */,
				4B59527F1BEE019E00F944E1 /* LaunchScreen.storyboard */,
				4B5952821BEE019E00F944E1 /* Info.plist */,
				4B5952711BEE019E00F944E1 /* Supporting Files */,
			);
			path = "1107ZJ换肤";
			sourceTree = "<group>";
		};
		4B5952711BEE019E00F944E1 /* Supporting Files */ = {
			isa = PBXGroup;
			children = (
				4B5952B81BEE373D00F944E1 /* skin */,
				4B5952B41BEE2F7C00F944E1 /* Tools */,
				4B5952721BEE019E00F944E1 /* main.m */,
			);
			name = "Supporting Files";
			sourceTree = "<group>";
		};
		4B59528A1BEE019E00F944E1 /* 1107ZJ换肤Tests */ = {
			isa = PBXGroup;
			children = (
				4B59528B1BEE019E00F944E1 /* _107ZJ__Tests.m */,
				4B59528D1BEE019E00F944E1 /* Info.plist */,
			);
			path = "1107ZJ换肤Tests";
			sourceTree = "<group>";
		};
		4B5952951BEE019E00F944E1 /* 1107ZJ换肤UITests */ = {
			isa = PBXGroup;
			children = (
				4B5952961BEE019E00F944E1 /* _107ZJ__UITests.m */,
				4B5952981BEE019E00F944E1 /* Info.plist */,
			);
			path = "1107ZJ换肤UITests";
			sourceTree = "<group>";
		};
		4B5952B41BEE2F7C00F944E1 /* Tools */ = {
			isa = PBXGroup;
			children = (
				4B5952B51BEE2FA100F944E1 /* SkinTools.h */,
				4B5952B61BEE2FA100F944E1 /* SkinTools.m */,
			);
			path = Tools;
			sourceTree = "<group>";
		};
/* End PBXGroup section */

/* Begin PBXNativeTarget section */
		4B59526D1BEE019E00F944E1 /* 1107ZJ换肤 */ = {
			isa = PBXNativeTarget;
			buildConfigurationList = 4B59529B1BEE019E00F944E1 /* Build configuration list for PBXNativeTarget "1107ZJ换肤" */;
			buildPhases = (
				4B59526A1BEE019E00F944E1 /* Sources */,
				4B59526B1BEE019E00F944E1 /* Frameworks */,
				4B59526C1BEE019E00F944E1 /* Resources */,
			);
			buildRules = (
			);
			dependencies = (
			);
			name = "1107ZJ换肤";
			productName = "1107ZJ换肤";
			productReference = 4B59526E1BEE019E00F944E1 /* 1107ZJ换肤.app */;
			productType = "com.apple.product-type.application";
		};
		4B5952861BEE019E00F944E1 /* 1107ZJ换肤Tests */ = {
			isa = PBXNativeTarget;
			buildConfigurationList = 4B59529E1BEE019E00F944E1 /* Build configuration list for PBXNativeTarget "1107ZJ换肤Tests" */;
			buildPhases = (
				4B5952831BEE019E00F944E1 /* Sources */,
				4B5952841BEE019E00F944E1 /* Frameworks */,
				4B5952851BEE019E00F944E1 /* Resources */,
			);
			buildRules = (
			);
			dependencies = (
				4B5952891BEE019E00F944E1 /* PBXTargetDependency */,
			);
			name = "1107ZJ换肤Tests";
			productName = "1107ZJ换肤Tests";
			productReference = 4B5952871BEE019E00F944E1 /* 1107ZJ换肤Tests.xctest */;
			productType = "com.apple.product-type.bundle.unit-test";
		};
		4B5952911BEE019E00F944E1 /* 1107ZJ换肤UITests */ = {
			isa = PBXNativeTarget;
			buildConfigurationList = 4B5952A11BEE019E00F944E1 /* Build configuration list for PBXNativeTarget "1107ZJ换肤UITests" */;
			buildPhases = (
				4B59528E1BEE019E00F944E1 /* Sources */,
				4B59528F1BEE019E00F944E1 /* Frameworks */,
				4B5952901BEE019E00F944E1 /* Resources */,
			);
			buildRules = (
			);
			dependencies = (
				4B5952941BEE019E00F944E1 /* PBXTargetDependency */,
			);
			name = "1107ZJ换肤UITests";
			productName = "1107ZJ换肤UITests";
			productReference = 4B5952921BEE019E00F944E1 /* 1107ZJ换肤UITests.xctest */;
			productType = "com.apple.product-type.bundle.ui-testing";
		};
/* End PBXNativeTarget section */

/* Begin PBXProject section */
		4B5952661BEE019E00F944E1 /* Project object */ = {
			isa = PBXProject;
			attributes = {
				LastUpgradeCheck = 0710;
				ORGANIZATIONNAME = base;
				TargetAttributes = {
					4B59526D1BEE019E00F944E1 = {
						CreatedOnToolsVersion = 7.1;
						DevelopmentTeam = QXAUED6B66;
					};
					4B5952861BEE019E00F944E1 = {
						CreatedOnToolsVersion = 7.1;
						DevelopmentTeam = QXAUED6B66;
						TestTargetID = 4B59526D1BEE019E00F944E1;
					};
					4B5952911BEE019E00F944E1 = {
						CreatedOnToolsVersion = 7.1;
						DevelopmentTeam = QXAUED6B66;
						TestTargetID = 4B59526D1BEE019E00F944E1;
					};
				};
			};
			buildConfigurationList = 4B5952691BEE019E00F944E1 /* Build configuration list for PBXProject "1107ZJ换肤" */;
			compatibilityVersion = "Xcode 3.2";
			developmentRegion = English;
			hasScannedForEncodings = 0;
			knownRegions = (
				en,
				Base,
			);
			mainGroup = 4B5952651BEE019E00F944E1;
			productRefGroup = 4B59526F1BEE019E00F944E1 /* Products */;
			projectDirPath = "";
			projectRoot = "";
			targets = (
				4B59526D1BEE019E00F944E1 /* 1107ZJ换肤 */,
				4B5952861BEE019E00F944E1 /* 1107ZJ换肤Tests */,
				4B5952911BEE019E00F944E1 /* 1107ZJ换肤UITests */,
			);
		};
/* End PBXProject section */

/* Begin PBXResourcesBuildPhase section */
		4B59526C1BEE019E00F944E1 /* Resources */ = {
			isa = PBXResourcesBuildPhase;
			buildActionMask = 2147483647;
			files = (
				4B5952B91BEE373D00F944E1 /* skin in Resources */,
				4B5952811BEE019E00F944E1 /* LaunchScreen.storyboard in Resources */,
				4B59527E1BEE019E00F944E1 /* Assets.xcassets in Resources */,
				4B59527C1BEE019E00F944E1 /* Main.storyboard in Resources */,
			);
			runOnlyForDeploymentPostprocessing = 0;
		};
		4B5952851BEE019E00F944E1 /* Resources */ = {
			isa = PBXResourcesBuildPhase;
			buildActionMask = 2147483647;
			files = (
			);
			runOnlyForDeploymentPostprocessing = 0;
		};
		4B5952901BEE019E00F944E1 /* Resources */ = {
			isa = PBXResourcesBuildPhase;
			buildActionMask = 2147483647;
			files = (
			);
			runOnlyForDeploymentPostprocessing = 0;
		};
/* End PBXResourcesBuildPhase section */

/* Begin PBXSourcesBuildPhase section */
		4B59526A1BEE019E00F944E1 /* Sources */ = {
			isa = PBXSourcesBuildPhase;
			buildActionMask = 2147483647;
			files = (
				4B5952791BEE019E00F944E1 /* ViewController.m in Sources */,
				4B5952761BEE019E00F944E1 /* AppDelegate.m in Sources */,
				4B5952A61BEE182A00F944E1 /* secondVC.m in Sources */,
				4B5952731BEE019E00F944E1 /* main.m in Sources */,
				4B5952B71BEE2FA100F944E1 /* SkinTools.m in Sources */,
			);
			runOnlyForDeploymentPostprocessing = 0;
		};
		4B5952831BEE019E00F944E1 /* Sources */ = {
			isa = PBXSourcesBuildPhase;
			buildActionMask = 2147483647;
			files = (
				4B59528C1BEE019E00F944E1 /* _107ZJ__Tests.m in Sources */,
			);
			runOnlyForDeploymentPostprocessing = 0;
		};
		4B59528E1BEE019E00F944E1 /* Sources */ = {
			isa = PBXSourcesBuildPhase;
			buildActionMask = 2147483647;
			files = (
				4B5952971BEE019E00F944E1 /* _107ZJ__UITests.m in Sources */,
			);
			runOnlyForDeploymentPostprocessing = 0;
		};
/* End PBXSourcesBuildPhase section */

/* Begin PBXTargetDependency section */
		4B5952891BEE019E00F944E1 /* PBXTargetDependency */ = {
			isa = PBXTargetDependency;
			target = 4B59526D1BEE019E00F944E1 /* 1107ZJ换肤 */;
			targetProxy = 4B5952881BEE019E00F944E1 /* PBXContainerItemProxy */;
		};
		4B5952941BEE019E00F944E1 /* PBXTargetDependency */ = {
			isa = PBXTargetDependency;
			target = 4B59526D1BEE019E00F944E1 /* 1107ZJ换肤 */;
			targetProxy = 4B5952931BEE019E00F944E1 /* PBXContainerItemProxy */;
		};
/* End PBXTargetDependency section */

/* Begin PBXVariantGroup section */
		4B59527A1BEE019E00F944E1 /* Main.storyboard */ = {
			isa = PBXVariantGroup;
			children = (
				4B59527B1BEE019E00F944E1 /* Base */,
			);
			name = Main.storyboard;
			sourceTree = "<group>";
		};
		4B59527F1BEE019E00F944E1 /* LaunchScreen.storyboard */ = {
			isa = PBXVariantGroup;
			children = (
				4B5952801BEE019E00F944E1 /* Base */,
			);
			name = LaunchScreen.storyboard;
			sourceTree = "<group>";
		};
/* End PBXVariantGroup section */

/* Begin XCBuildConfiguration section */
		4B5952991BEE019E00F944E1 /* Debug */ = {
			isa = XCBuildConfiguration;
			buildSettings = {
				ALWAYS_SEARCH_USER_PATHS = NO;
				CLANG_CXX_LANGUAGE_STANDARD = "gnu++0x";
				CLANG_CXX_LIBRARY = "libc++";
				CLANG_ENABLE_MODULES = YES;
				CLANG_ENABLE_OBJC_ARC = YES;
				CLANG_WARN_BOOL_CONVERSION = YES;
				CLANG_WARN_CONSTANT_CONVERSION = YES;
				CLANG_WARN_DIRECT_OBJC_ISA_USAGE = YES_ERROR;
				CLANG_WARN_EMPTY_BODY = YES;
				CLANG_WARN_ENUM_CONVERSION = YES;
				CLANG_WARN_INT_CONVERSION = YES;
				CLANG_WARN_OBJC_ROOT_CLASS = YES_ERROR;
				CLANG_WARN_UNREACHABLE_CODE = YES;
				CLANG_WARN__DUPLICATE_METHOD_MATCH = YES;
				"CODE_SIGN_IDENTITY[sdk=iphoneos*]" = "iPhone Developer";
				COPY_PHASE_STRIP = NO;
				DEBUG_INFORMATION_FORMAT = dwarf;
				ENABLE_STRICT_OBJC_MSGSEND = YES;
				ENABLE_TESTABILITY = YES;
				GCC_C_LANGUAGE_STANDARD = gnu99;
				GCC_DYNAMIC_NO_PIC = NO;
				GCC_NO_COMMON_BLOCKS = YES;
				GCC_OPTIMIZATION_LEVEL = 0;
				GCC_PREPROCESSOR_DEFINITIONS = (
					"DEBUG=1",
					"$(inherited)",
				);
				GCC_WARN_64_TO_32_BIT_CONVERSION = YES;
				GCC_WARN_ABOUT_RETURN_TYPE = YES_ERROR;
				GCC_WARN_UNDECLARED_SELECTOR = YES;
				GCC_WARN_UNINITIALIZED_AUTOS = YES_AGGRESSIVE;
				GCC_WARN_UNUSED_FUNCTION = YES;
				GCC_WARN_UNUSED_VARIABLE = YES;
				IPHONEOS_DEPLOYMENT_TARGET = 9.1;
				MTL_ENABLE_DEBUG_INFO = YES;
				ONLY_ACTIVE_ARCH = YES;
				SDKROOT = iphoneos;
			};
			name = Debug;
		};
		4B59529A1BEE019E00F944E1 /* Release */ = {
			isa = XCBuildConfiguration;
			buildSettings = {
				ALWAYS_SEARCH_USER_PATHS = NO;
				CLANG_CXX_LANGUAGE_STANDARD = "gnu++0x";
				CLANG_CXX_LIBRARY = "libc++";
				CLANG_ENABLE_MODULES = YES;
				CLANG_ENABLE_OBJC_ARC = YES;
				CLANG_WARN_BOOL_CONVERSION = YES;
				CLANG_WARN_CONSTANT_CONVERSION = YES;
				CLANG_WARN_DIRECT_OBJC_ISA_USAGE = YES_ERROR;
				CLANG_WARN_EMPTY_BODY = YES;
				CLANG_WARN_ENUM_CONVERSION = YES;
				CLANG_WARN_INT_CONVERSION = YES;
				CLANG_WARN_OBJC_ROOT_CLASS = YES_ERROR;
				CLANG_WARN_UNREACHABLE_CODE = YES;
				CLANG_WARN__DUPLICATE_METHOD_MATCH = YES;
				"CODE_SIGN_IDENTITY[sdk=iphoneos*]" = "iPhone Developer";
				COPY_PHASE_STRIP = NO;
				DEBUG_INFORMATION_FORMAT = "dwarf-with-dsym";
				ENABLE_NS_ASSERTIONS = NO;
				ENABLE_STRICT_OBJC_MSGSEND = YES;
				GCC_C_LANGUAGE_STANDARD = gnu99;
				GCC_NO_COMMON_BLOCKS = YES;
				GCC_WARN_64_TO_32_BIT_CONVERSION = YES;
				GCC_WARN_ABOUT_RETURN_TYPE = YES_ERROR;
				GCC_WARN_UNDECLARED_SELECTOR = YES;
				GCC_WARN_UNINITIALIZED_AUTOS = YES_AGGRESSIVE;
				GCC_WARN_UNUSED_FUNCTION = YES;
				GCC_WARN_UNUSED_VARIABLE = YES;
				IPHONEOS_DEPLOYMENT_TARGET = 9.1;
				MTL_ENABLE_DEBUG_INFO = NO;
				SDKROOT = iphoneos;
				VALIDATE_PRODUCT = YES;
			};
			name = Release;
		};
		4B59529C1BEE019E00F944E1 /* Debug */ = {
			isa = XCBuildConfiguration;
			buildSettings = {
				ASSETCATALOG_COMPILER_APPICON_NAME = AppIcon;
				INFOPLIST_FILE = "1107ZJ换肤/Info.plist";
				LD_RUNPATH_SEARCH_PATHS = "$(inherited) @executable_path/Frameworks";
				PRODUCT_BUNDLE_IDENTIFIER = "com.520it.-107ZJ--";
				PRODUCT_NAME = "$(TARGET_NAME)";
			};
			name = Debug;
		};
		4B59529D1BEE019E00F944E1 /* Release */ = {
			isa = XCBuildConfiguration;
			buildSettings = {
				ASSETCATALOG_COMPILER_APPICON_NAME = AppIcon;
				INFOPLIST_FILE = "1107ZJ换肤/Info.plist";
				LD_RUNPATH_SEARCH_PATHS = "$(inherited) @executable_path/Frameworks";
				PRODUCT_BUNDLE_IDENTIFIER = "com.520it.-107ZJ--";
				PRODUCT_NAME = "$(TARGET_NAME)";
			};
			name = Release;
		};
		4B59529F1BEE019E00F944E1 /* Debug */ = {
			isa = XCBuildConfiguration;
			buildSettings = {
				BUNDLE_LOADER = "$(TEST_HOST)";
				INFOPLIST_FILE = "1107ZJ换肤Tests/Info.plist";
				LD_RUNPATH_SEARCH_PATHS = "$(inherited) @executable_path/Frameworks @loader_path/Frameworks";
				PRODUCT_BUNDLE_IDENTIFIER = "com.520it.-107ZJ--Tests";
				PRODUCT_NAME = "$(TARGET_NAME)";
				TEST_HOST = "$(BUILT_PRODUCTS_DIR)/1107ZJ换肤.app/1107ZJ换肤";
			};
			name = Debug;
		};
		4B5952A01BEE019E00F944E1 /* Release */ = {
			isa = XCBuildConfiguration;
			buildSettings = {
				BUNDLE_LOADER = "$(TEST_HOST)";
				INFOPLIST_FILE = "1107ZJ换肤Tests/Info.plist";
				LD_RUNPATH_SEARCH_PATHS = "$(inherited) @executable_path/Frameworks @loader_path/Frameworks";
				PRODUCT_BUNDLE_IDENTIFIER = "com.520it.-107ZJ--Tests";
				PRODUCT_NAME = "$(TARGET_NAME)";
				TEST_HOST = "$(BUILT_PRODUCTS_DIR)/1107ZJ换肤.app/1107ZJ换肤";
			};
			name = Release;
		};
		4B5952A21BEE019E00F944E1 /* Debug */ = {
			isa = XCBuildConfiguration;
			buildSettings = {
				INFOPLIST_FILE = "1107ZJ换肤UITests/Info.plist";
				LD_RUNPATH_SEARCH_PATHS = "$(inherited) @executable_path/Frameworks @loader_path/Frameworks";
				PRODUCT_BUNDLE_IDENTIFIER = "com.520it.-107ZJ--UITests";
				PRODUCT_NAME = "$(TARGET_NAME)";
				TEST_TARGET_NAME = "1107ZJ换肤";
				USES_XCTRUNNER = YES;
			};
			name = Debug;
		};
		4B5952A31BEE019E00F944E1 /* Release */ = {
			isa = XCBuildConfiguration;
			buildSettings = {
				INFOPLIST_FILE = "1107ZJ换肤UITests/Info.plist";
				LD_RUNPATH_SEARCH_PATHS = "$(inherited) @executable_path/Frameworks @loader_path/Frameworks";
				PRODUCT_BUNDLE_IDENTIFIER = "com.520it.-107ZJ--UITests";
				PRODUCT_NAME = "$(TARGET_NAME)";
				TEST_TARGET_NAME = "1107ZJ换肤";
				USES_XCTRUNNER = YES;
			};
			name = Release;
		};
/* End XCBuildConfiguration section */

/* Begin XCConfigurationList section */
		4B5952691BEE019E00F944E1 /* Build configuration list for PBXProject "1107ZJ换肤" */ = {
			isa = XCConfigurationList;
			buildConfigurations = (
				4B5952991BEE019E00F944E1 /* Debug */,
				4B59529A1BEE019E00F944E1 /* Release */,
			);
			defaultConfigurationIsVisible = 0;
			defaultConfigurationName = Release;
		};
		4B59529B1BEE019E00F944E1 /* Build configuration list for PBXNativeTarget "1107ZJ换肤" */ = {
			isa = XCConfigurationList;
			buildConfigurations = (
				4B59529C1BEE019E00F944E1 /* Debug */,
				4B59529D1BEE019E00F944E1 /* Release */,
			);
			defaultConfigurationIsVisible = 0;
		};
		4B59529E1BEE019E00F944E1 /* Build configuration list for PBXNativeTarget "1107ZJ换肤Tests" */ = {
			isa = XCConfigurationList;
			buildConfigurations = (
				4B59529F1BEE019E00F944E1 /* Debug */,
				4B5952A01BEE019E00F944E1 /* Release */,
			);
			defaultConfigurationIsVisible = 0;
		};
		4B5952A11BEE019E00F944E1 /* Build configuration list for PBXNativeTarget "1107ZJ换肤UITests" */ = {
			isa = XCConfigurationList;
			buildConfigurations = (
				4B5952A21BEE019E00F944E1 /* Debug */,
				4B5952A31BEE019E00F944E1 /* Release */,
			);
			defaultConfigurationIsVisible = 0;
		};
/* End XCConfigurationList section */
	};
	rootObject = 4B5952661BEE019E00F944E1 /* Project object */;
}
